{
  "name": "owoify-cli",
  "version": "1.0.1",
  "lockfileVersion": 2,
  "requires": true,
  "packages": {
    "": {
      "name": "owoify-cli",
      "version": "1.0.1",
      "license": "Unlicense",
      "dependencies": {
        "owoify-js": "^1.0.7"
      },
      "bin": {
        "owoify": "index.js"
      },
      "devDependencies": {}
    },
    "node_modules/owoify-js": {
      "version": "1.0.7",
      "resolved": "https://registry.npmjs.org/owoify-js/-/owoify-js-1.0.7.tgz",
      "integrity": "sha512-bjTMxJP+8iAv7jAFmSY0JDaiCjz2Zf83MqX6O4PS2lg+qPxF/Svyud7C76zNVpp299QvGOv+cJiFKx8KWK6ngw=="
    }
  },
  "dependencies": {
    "owoify-js": {
      "version": "1.0.7",
      "resolved": "https://registry.npmjs.org/owoify-js/-/owoify-js-1.0.7.tgz",
      "integrity": "sha512-bjTMxJP+8iAv7jAFmSY0JDaiCjz2Zf83MqX6O4PS2lg+qPxF/Svyud7C76zNVpp299QvGOv+cJiFKx8KWK6ngw=="
    }
  }
}
